{
  "name": "nano",
  "version": "1.0.0",
  "lockfileVersion": 3,
  "requires": true,
  "packages": {
    "": {
      "name": "nano",
      "version": "1.0.0",
      "license": "ISC",
      "dependencies": {
        "@nano/wallet": "^1.0.2",
        "fs": "^0.0.1-security"
      }
    },
    "node_modules/@nano/wallet": {
      "version": "1.0.2",
      "resolved": "https://registry.npmjs.org/@nano/wallet/-/wallet-1.0.2.tgz",
      "integrity": "sha512-zwxfGXreIbz/cmjJ+Q9iIjyMrePk0YyFfEH514RYyTwijAuzkeGUNceZhY5Sb/bG3YVYHbxDrI+n9h/fNgZpZQ==",
      "dependencies": {
        "aes256": "^1.1.0"
      }
    },
    "node_modules/aes256": {
      "version": "1.1.0",
      "resolved": "https://registry.npmjs.org/aes256/-/aes256-1.1.0.tgz",
      "integrity": "sha512-JfjTA5HEpvnn4lX9lsfgPMiV6HYqefRmvUj5MScIUeaRCbWEIT8URNpKA9ddY9iWl+Ye9oUHrdusO1cDmS/tEQ=="
    },
    "node_modules/fs": {
      "version": "0.0.1-security",
      "resolved": "https://registry.npmjs.org/fs/-/fs-0.0.1-security.tgz",
      "integrity": "sha512-3XY9e1pP0CVEUCdj5BmfIZxRBTSDycnbqhIOGec9QYtmVH2fbLpj86CFWkrNOkt/Fvty4KZG5lTglL9j/gJ87w=="
    }
  }
}
